
Microsoft Visual Studio Solution File, Format Version 12.00
# Visual Studio 15
VisualStudioVersion = 15.0.27130.2036
MinimumVisualStudioVersion = 10.0.40219.1
Project("{FAE04EC0-301F-11D3-BF4B-00C04F79EFBC}") = "QBM_LOGConsole", "QBM_LOGConsole.csproj", "{A28E55A3-A026-4AB2-BD88-2CBE25663A3B}"
EndProject
Global
	GlobalSection(SolutionConfigurationPlatforms) = preSolution
		Debug|Any CPU = Debug|Any CPU
		Release|Any CPU = Release|Any CPU
	EndGlobalSection
	GlobalSection(ProjectConfigurationPlatforms) = postSolution
		{A28E55A3-A026-4AB2-BD88-2CBE25663A3B}.Debug|Any CPU.ActiveCfg = Debug|Any CPU
		{A28E55A3-A026-4AB2-BD88-2CBE25663A3B}.Debug|Any CPU.Build.0 = Debug|Any CPU
		{A28E55A3-A026-4AB2-BD88-2CBE25663A3B}.Release|Any CPU.ActiveCfg = Release|Any CPU
		{A28E55A3-A026-4AB2-BD88-2CBE25663A3B}.Release|Any CPU.Build.0 = Release|Any CPU
	EndGlobalSection
	GlobalSection(SolutionProperties) = preSolution
		HideSolutionNode = FALSE
	EndGlobalSection
	GlobalSection(ExtensibilityGlobals) = postSolution
		SolutionGuid = {7695F964-4BE4-46BC-8A0D-19C72F149C79}
	EndGlobalSection
EndGlobal
